
Microsoft Visual Studio Solution File, Format Version 12.00
# Visual Studio Version 17
VisualStudioVersion = 17.2.32516.85
MinimumVisualStudioVersion = 10.0.40219.1
Project("{FAE04EC0-301F-11D3-BF4B-00C04F79EFBC}") = "DataAccess", "DataAccess\DataAccess.csproj", "{492944E4-30E4-4826-9C17-9DC27D51995D}"
EndProject
Global
	GlobalSection(SolutionConfigurationPlatforms) = preSolution
		Debug|Any CPU = Debug|Any CPU
		Release|Any CPU = Release|Any CPU
	EndGlobalSection
	GlobalSection(ProjectConfigurationPlatforms) = postSolution
		{492944E4-30E4-4826-9C17-9DC27D51995D}.Debug|Any CPU.ActiveCfg = Debug|Any CPU
		{492944E4-30E4-4826-9C17-9DC27D51995D}.Debug|Any CPU.Build.0 = Debug|Any CPU
		{492944E4-30E4-4826-9C17-9DC27D51995D}.Release|Any CPU.ActiveCfg = Release|Any CPU
		{492944E4-30E4-4826-9C17-9DC27D51995D}.Release|Any CPU.Build.0 = Release|Any CPU
	EndGlobalSection
	GlobalSection(SolutionProperties) = preSolution
		HideSolutionNode = FALSE
	EndGlobalSection
	GlobalSection(ExtensibilityGlobals) = postSolution
		SolutionGuid = {2C5717CD-6F98-41C4-915B-893DD0CE2F76}
	EndGlobalSection
EndGlobal
